
Microsoft Visual Studio Solution File, Format Version 12.00
# Visual Studio 15
VisualStudioVersion = 15.0.27004.2005
MinimumVisualStudioVersion = 10.0.40219.1
Project("{FAE04EC0-301F-11D3-BF4B-00C04F79EFBC}") = "Altseed_Test", "Altseed_Test\Altseed_Test.csproj", "{62A41A5B-3C60-4461-B4A7-95BDB4CFC103}"
EndProject
Project("{FAE04EC0-301F-11D3-BF4B-00C04F79EFBC}") = "dotnet_core_test", "dotnet_core_test\dotnet_core_test.csproj", "{AEE0B7D8-5959-4F7F-B729-045ED911C9B8}"
EndProject
Global
	GlobalSection(SolutionConfigurationPlatforms) = preSolution
		Debug|Any CPU = Debug|Any CPU
		Debug|x64 = Debug|x64
		Debug|x86 = Debug|x86
		Release|Any CPU = Release|Any CPU
		Release|x64 = Release|x64
		Release|x86 = Release|x86
	EndGlobalSection
	GlobalSection(ProjectConfigurationPlatforms) = postSolution
		{62A41A5B-3C60-4461-B4A7-95BDB4CFC103}.Debug|Any CPU.ActiveCfg = Debug|Any CPU
		{62A41A5B-3C60-4461-B4A7-95BDB4CFC103}.Debug|Any CPU.Build.0 = Debug|Any CPU
		{62A41A5B-3C60-4461-B4A7-95BDB4CFC103}.Debug|x64.ActiveCfg = Debug|x64
		{62A41A5B-3C60-4461-B4A7-95BDB4CFC103}.Debug|x64.Build.0 = Debug|x64
		{62A41A5B-3C60-4461-B4A7-95BDB4CFC103}.Debug|x86.ActiveCfg = Debug|x86
		{62A41A5B-3C60-4461-B4A7-95BDB4CFC103}.Debug|x86.Build.0 = Debug|x86
		{62A41A5B-3C60-4461-B4A7-95BDB4CFC103}.Release|Any CPU.ActiveCfg = Release|Any CPU
		{62A41A5B-3C60-4461-B4A7-95BDB4CFC103}.Release|Any CPU.Build.0 = Release|Any CPU
		{62A41A5B-3C60-4461-B4A7-95BDB4CFC103}.Release|x64.ActiveCfg = Release|x64
		{62A41A5B-3C60-4461-B4A7-95BDB4CFC103}.Release|x64.Build.0 = Release|x64
		{62A41A5B-3C60-4461-B4A7-95BDB4CFC103}.Release|x86.ActiveCfg = Release|x86
		{62A41A5B-3C60-4461-B4A7-95BDB4CFC103}.Release|x86.Build.0 = Release|x86
		{AEE0B7D8-5959-4F7F-B729-045ED911C9B8}.Debug|Any CPU.ActiveCfg = Debug|Any CPU
		{AEE0B7D8-5959-4F7F-B729-045ED911C9B8}.Debug|Any CPU.Build.0 = Debug|Any CPU
		{AEE0B7D8-5959-4F7F-B729-045ED911C9B8}.Debug|x64.ActiveCfg = Debug|Any CPU
		{AEE0B7D8-5959-4F7F-B729-045ED911C9B8}.Debug|x64.Build.0 = Debug|Any CPU
		{AEE0B7D8-5959-4F7F-B729-045ED911C9B8}.Debug|x86.ActiveCfg = Debug|x86
		{AEE0B7D8-5959-4F7F-B729-045ED911C9B8}.Debug|x86.Build.0 = Debug|x86
		{AEE0B7D8-5959-4F7F-B729-045ED911C9B8}.Release|Any CPU.ActiveCfg = Release|Any CPU
		{AEE0B7D8-5959-4F7F-B729-045ED911C9B8}.Release|Any CPU.Build.0 = Release|Any CPU
		{AEE0B7D8-5959-4F7F-B729-045ED911C9B8}.Release|x64.ActiveCfg = Release|Any CPU
		{AEE0B7D8-5959-4F7F-B729-045ED911C9B8}.Release|x64.Build.0 = Release|Any CPU
		{AEE0B7D8-5959-4F7F-B729-045ED911C9B8}.Release|x86.ActiveCfg = Release|x86
		{AEE0B7D8-5959-4F7F-B729-045ED911C9B8}.Release|x86.Build.0 = Release|x86
	EndGlobalSection
	GlobalSection(SolutionProperties) = preSolution
		HideSolutionNode = FALSE
	EndGlobalSection
	GlobalSection(ExtensibilityGlobals) = postSolution
		SolutionGuid = {3CEB9C76-029A-4CA1-A717-1C971E6226D2}
	EndGlobalSection
EndGlobal
